uuid: 14dd4166-6d81-4f37-a00d-471e32f0a391
langcode: en
status: true
dependencies:
  module:
    - ckc_hodnoceni
    - system
  theme:
    - ckc
id: worksblock
theme: ckc
region: content
weight: 0
provider: null
plugin: works_block
settings:
  id: works_block
  label: 'Seznam prací v kategorii'
  provider: ckc_hodnoceni
  label_display: visible
visibility:
  request_path:
    id: request_path
    pages: "/ckc/*/mikropovidka\r\n/ckc/*/kratka-povidka\r\n/ckc/*/povidka\r\n/ckc/*/novela"
    negate: false
    context_mapping: {  }
